// !$*UTF8*$!
{
	archiveVersion = 1;
	classes = {
	};
	objectVersion = 55;
	objects = {

/* Begin PBXBuildFile section */
		0ED9E3872BD3D6F00010D097 /* FDJTechnicalTest1App.swift in Sources */ = {isa = PBXBuildFile; fileRef = 0ED9E3862BD3D6F00010D097 /* FDJTechnicalTest1App.swift */; };
		0ED9E3892BD3D6F00010D097 /* ContentView.swift in Sources */ = {isa = PBXBuildFile; fileRef = 0ED9E3882BD3D6F00010D097 /* ContentView.swift */; };
		0ED9E38B2BD3D6F30010D097 /* Assets.xcassets in Resources */ = {isa = PBXBuildFile; fileRef = 0ED9E38A2BD3D6F30010D097 /* Assets.xcassets */; };
		0ED9E38E2BD3D6F30010D097 /* Preview Assets.xcassets in Resources */ = {isa = PBXBuildFile; fileRef = 0ED9E38D2BD3D6F30010D097 /* Preview Assets.xcassets */; };
		0ED9E3982BD3D6F30010D097 /* FDJTechnicalTest1Tests.swift in Sources */ = {isa = PBXBuildFile; fileRef = 0ED9E3972BD3D6F30010D097 /* FDJTechnicalTest1Tests.swift */; };
		0ED9E3A22BD3D6F30010D097 /* FDJTechnicalTest1UITests.swift in Sources */ = {isa = PBXBuildFile; fileRef = 0ED9E3A12BD3D6F30010D097 /* FDJTechnicalTest1UITests.swift */; };
		0ED9E3A42BD3D6F30010D097 /* FDJTechnicalTest1UITestsLaunchTests.swift in Sources */ = {isa = PBXBuildFile; fileRef = 0ED9E3A32BD3D6F30010D097 /* FDJTechnicalTest1UITestsLaunchTests.swift */; };
		0ED9E3BA2BD3DCCF0010D097 /* Constants.swift in Sources */ = {isa = PBXBuildFile; fileRef = 0ED9E3B92BD3DCCF0010D097 /* Constants.swift */; };
		0ED9E3C02BD3DDEB0010D097 /* AnyOptional.swift in Sources */ = {isa = PBXBuildFile; fileRef = 0ED9E3BF2BD3DDEB0010D097 /* AnyOptional.swift */; };
		0ED9E3C72BD3DEF80010D097 /* GenericNetworkError.swift in Sources */ = {isa = PBXBuildFile; fileRef = 0ED9E3C62BD3DEF80010D097 /* GenericNetworkError.swift */; };
		0ED9E3C92BD3DF130010D097 /* GenericNetworkErrorResponseDTO.swift in Sources */ = {isa = PBXBuildFile; fileRef = 0ED9E3C82BD3DF130010D097 /* GenericNetworkErrorResponseDTO.swift */; };
		0ED9E3CB2BD3E25F0010D097 /* Endpoint.swift in Sources */ = {isa = PBXBuildFile; fileRef = 0ED9E3CA2BD3E25F0010D097 /* Endpoint.swift */; };
		0ED9E3D12BD3E6340010D097 /* NetworkService.swift in Sources */ = {isa = PBXBuildFile; fileRef = 0ED9E3D02BD3E6340010D097 /* NetworkService.swift */; };
		0ED9E3D32BD3E65A0010D097 /* Networker.swift in Sources */ = {isa = PBXBuildFile; fileRef = 0ED9E3D22BD3E65A0010D097 /* Networker.swift */; };
		0ED9E3D52BD3E6760010D097 /* BaseURL.swift in Sources */ = {isa = PBXBuildFile; fileRef = 0ED9E3D42BD3E6760010D097 /* BaseURL.swift */; };
		0ED9E3D72BD3E6A70010D097 /* NetworkService+helpers.swift in Sources */ = {isa = PBXBuildFile; fileRef = 0ED9E3D62BD3E6A70010D097 /* NetworkService+helpers.swift */; };
		0ED9E3D92BD3E6CB0010D097 /* NetworkError.swift in Sources */ = {isa = PBXBuildFile; fileRef = 0ED9E3D82BD3E6CB0010D097 /* NetworkError.swift */; };
		0ED9E3DB2BD3E7D20010D097 /* EmptyResponseDTO.swift in Sources */ = {isa = PBXBuildFile; fileRef = 0ED9E3DA2BD3E7D10010D097 /* EmptyResponseDTO.swift */; };
/* End PBXBuildFile section */

/* Begin PBXContainerItemProxy section */
		0ED9E3942BD3D6F30010D097 /* PBXContainerItemProxy */ = {
			isa = PBXContainerItemProxy;
			containerPortal = 0ED9E37B2BD3D6F00010D097 /* Project object */;
			proxyType = 1;
			remoteGlobalIDString = 0ED9E3822BD3D6F00010D097;
			remoteInfo = FDJTechnicalTest1;
		};
		0ED9E39E2BD3D6F30010D097 /* PBXContainerItemProxy */ = {
			isa = PBXContainerItemProxy;
			containerPortal = 0ED9E37B2BD3D6F00010D097 /* Project object */;
			proxyType = 1;
			remoteGlobalIDString = 0ED9E3822BD3D6F00010D097;
			remoteInfo = FDJTechnicalTest1;
		};
/* End PBXContainerItemProxy section */

/* Begin PBXFileReference section */
		0ED9E3832BD3D6F00010D097 /* FDJTechnicalTest1.app */ = {isa = PBXFileReference; explicitFileType = wrapper.application; includeInIndex = 0; path = FDJTechnicalTest1.app; sourceTree = BUILT_PRODUCTS_DIR; };
		0ED9E3862BD3D6F00010D097 /* FDJTechnicalTest1App.swift */ = {isa = PBXFileReference; lastKnownFileType = sourcecode.swift; path = FDJTechnicalTest1App.swift; sourceTree = "<group>"; };
		0ED9E3882BD3D6F00010D097 /* ContentView.swift */ = {isa = PBXFileReference; lastKnownFileType = sourcecode.swift; path = ContentView.swift; sourceTree = "<group>"; };
		0ED9E38A2BD3D6F30010D097 /* Assets.xcassets */ = {isa = PBXFileReference; lastKnownFileType = folder.assetcatalog; path = Assets.xcassets; sourceTree = "<group>"; };
		0ED9E38D2BD3D6F30010D097 /* Preview Assets.xcassets */ = {isa = PBXFileReference; lastKnownFileType = folder.assetcatalog; path = "Preview Assets.xcassets"; sourceTree = "<group>"; };
		0ED9E3932BD3D6F30010D097 /* FDJTechnicalTest1Tests.xctest */ = {isa = PBXFileReference; explicitFileType = wrapper.cfbundle; includeInIndex = 0; path = FDJTechnicalTest1Tests.xctest; sourceTree = BUILT_PRODUCTS_DIR; };
		0ED9E3972BD3D6F30010D097 /* FDJTechnicalTest1Tests.swift */ = {isa = PBXFileReference; lastKnownFileType = sourcecode.swift; path = FDJTechnicalTest1Tests.swift; sourceTree = "<group>"; };
		0ED9E39D2BD3D6F30010D097 /* FDJTechnicalTest1UITests.xctest */ = {isa = PBXFileReference; explicitFileType = wrapper.cfbundle; includeInIndex = 0; path = FDJTechnicalTest1UITests.xctest; sourceTree = BUILT_PRODUCTS_DIR; };
		0ED9E3A12BD3D6F30010D097 /* FDJTechnicalTest1UITests.swift */ = {isa = PBXFileReference; lastKnownFileType = sourcecode.swift; path = FDJTechnicalTest1UITests.swift; sourceTree = "<group>"; };
		0ED9E3A32BD3D6F30010D097 /* FDJTechnicalTest1UITestsLaunchTests.swift */ = {isa = PBXFileReference; lastKnownFileType = sourcecode.swift; path = FDJTechnicalTest1UITestsLaunchTests.swift; sourceTree = "<group>"; };
		0ED9E3B92BD3DCCF0010D097 /* Constants.swift */ = {isa = PBXFileReference; lastKnownFileType = sourcecode.swift; path = Constants.swift; sourceTree = "<group>"; };
		0ED9E3BF2BD3DDEB0010D097 /* AnyOptional.swift */ = {isa = PBXFileReference; lastKnownFileType = sourcecode.swift; path = AnyOptional.swift; sourceTree = "<group>"; };
		0ED9E3C62BD3DEF80010D097 /* GenericNetworkError.swift */ = {isa = PBXFileReference; lastKnownFileType = sourcecode.swift; path = GenericNetworkError.swift; sourceTree = "<group>"; };
		0ED9E3C82BD3DF130010D097 /* GenericNetworkErrorResponseDTO.swift */ = {isa = PBXFileReference; lastKnownFileType = sourcecode.swift; path = GenericNetworkErrorResponseDTO.swift; sourceTree = "<group>"; };
		0ED9E3CA2BD3E25F0010D097 /* Endpoint.swift */ = {isa = PBXFileReference; lastKnownFileType = sourcecode.swift; path = Endpoint.swift; sourceTree = "<group>"; };
		0ED9E3D02BD3E6340010D097 /* NetworkService.swift */ = {isa = PBXFileReference; lastKnownFileType = sourcecode.swift; path = NetworkService.swift; sourceTree = "<group>"; };
		0ED9E3D22BD3E65A0010D097 /* Networker.swift */ = {isa = PBXFileReference; lastKnownFileType = sourcecode.swift; path = Networker.swift; sourceTree = "<group>"; };
		0ED9E3D42BD3E6760010D097 /* BaseURL.swift */ = {isa = PBXFileReference; lastKnownFileType = sourcecode.swift; path = BaseURL.swift; sourceTree = "<group>"; };
		0ED9E3D62BD3E6A70010D097 /* NetworkService+helpers.swift */ = {isa = PBXFileReference; lastKnownFileType = sourcecode.swift; path = "NetworkService+helpers.swift"; sourceTree = "<group>"; };
		0ED9E3D82BD3E6CB0010D097 /* NetworkError.swift */ = {isa = PBXFileReference; lastKnownFileType = sourcecode.swift; path = NetworkError.swift; sourceTree = "<group>"; };
		0ED9E3DA2BD3E7D10010D097 /* EmptyResponseDTO.swift */ = {isa = PBXFileReference; lastKnownFileType = sourcecode.swift; path = EmptyResponseDTO.swift; sourceTree = "<group>"; };
/* End PBXFileReference section */

/* Begin PBXFrameworksBuildPhase section */
		0ED9E3802BD3D6F00010D097 /* Frameworks */ = {
			isa = PBXFrameworksBuildPhase;
			buildActionMask = 2147483647;
			files = (
			);
			runOnlyForDeploymentPostprocessing = 0;
		};
		0ED9E3902BD3D6F30010D097 /* Frameworks */ = {
			isa = PBXFrameworksBuildPhase;
			buildActionMask = 2147483647;
			files = (
			);
			runOnlyForDeploymentPostprocessing = 0;
		};
		0ED9E39A2BD3D6F30010D097 /* Frameworks */ = {
			isa = PBXFrameworksBuildPhase;
			buildActionMask = 2147483647;
			files = (
			);
			runOnlyForDeploymentPostprocessing = 0;
		};
/* End PBXFrameworksBuildPhase section */

/* Begin PBXGroup section */
		0ED9E37A2BD3D6F00010D097 = {
			isa = PBXGroup;
			children = (
				0ED9E3852BD3D6F00010D097 /* FDJTechnicalTest1 */,
				0ED9E3962BD3D6F30010D097 /* FDJTechnicalTest1Tests */,
				0ED9E3A02BD3D6F30010D097 /* FDJTechnicalTest1UITests */,
				0ED9E3842BD3D6F00010D097 /* Products */,
			);
			sourceTree = "<group>";
		};
		0ED9E3842BD3D6F00010D097 /* Products */ = {
			isa = PBXGroup;
			children = (
				0ED9E3832BD3D6F00010D097 /* FDJTechnicalTest1.app */,
				0ED9E3932BD3D6F30010D097 /* FDJTechnicalTest1Tests.xctest */,
				0ED9E39D2BD3D6F30010D097 /* FDJTechnicalTest1UITests.xctest */,
			);
			name = Products;
			sourceTree = "<group>";
		};
		0ED9E3852BD3D6F00010D097 /* FDJTechnicalTest1 */ = {
			isa = PBXGroup;
			children = (
				0ED9E3B62BD3DC940010D097 /* Presentation */,
				0ED9E3CC2BD3E5650010D097 /* Domain */,
				0ED9E3C22BD3DE9C0010D097 /* Data */,
				0ED9E3C12BD3DE7D0010D097 /* Core */,
				0ED9E38C2BD3D6F30010D097 /* Preview Content */,
				0ED9E38A2BD3D6F30010D097 /* Assets.xcassets */,
			);
			path = FDJTechnicalTest1;
			sourceTree = "<group>";
		};
		0ED9E38C2BD3D6F30010D097 /* Preview Content */ = {
			isa = PBXGroup;
			children = (
				0ED9E38D2BD3D6F30010D097 /* Preview Assets.xcassets */,
			);
			path = "Preview Content";
			sourceTree = "<group>";
		};
		0ED9E3962BD3D6F30010D097 /* FDJTechnicalTest1Tests */ = {
			isa = PBXGroup;
			children = (
				0ED9E3972BD3D6F30010D097 /* FDJTechnicalTest1Tests.swift */,
			);
			path = FDJTechnicalTest1Tests;
			sourceTree = "<group>";
		};
		0ED9E3A02BD3D6F30010D097 /* FDJTechnicalTest1UITests */ = {
			isa = PBXGroup;
			children = (
				0ED9E3A12BD3D6F30010D097 /* FDJTechnicalTest1UITests.swift */,
				0ED9E3A32BD3D6F30010D097 /* FDJTechnicalTest1UITestsLaunchTests.swift */,
			);
			path = FDJTechnicalTest1UITests;
			sourceTree = "<group>";
		};
		0ED9E3B62BD3DC940010D097 /* Presentation */ = {
			isa = PBXGroup;
			children = (
				0ED9E3DE2BD3E9640010D097 /* Subviews */,
				0ED9E3DD2BD3E9560010D097 /* ViewModels */,
				0ED9E3DC2BD3E94C0010D097 /* Views */,
				0ED9E3B72BD3DCA80010D097 /* Ressources */,
			);
			path = Presentation;
			sourceTree = "<group>";
		};
		0ED9E3B72BD3DCA80010D097 /* Ressources */ = {
			isa = PBXGroup;
			children = (
				0ED9E3BE2BD3DDD80010D097 /* PropertyWrapper */,
				0ED9E3B82BD3DCBA0010D097 /* Constants */,
			);
			path = Ressources;
			sourceTree = "<group>";
		};
		0ED9E3B82BD3DCBA0010D097 /* Constants */ = {
			isa = PBXGroup;
			children = (
				0ED9E3B92BD3DCCF0010D097 /* Constants.swift */,
			);
			path = Constants;
			sourceTree = "<group>";
		};
		0ED9E3BE2BD3DDD80010D097 /* PropertyWrapper */ = {
			isa = PBXGroup;
			children = (
				0ED9E3BF2BD3DDEB0010D097 /* AnyOptional.swift */,
			);
			path = PropertyWrapper;
			sourceTree = "<group>";
		};
		0ED9E3C12BD3DE7D0010D097 /* Core */ = {
			isa = PBXGroup;
			children = (
				0ED9E3862BD3D6F00010D097 /* FDJTechnicalTest1App.swift */,
			);
			path = Core;
			sourceTree = "<group>";
		};
		0ED9E3C22BD3DE9C0010D097 /* Data */ = {
			isa = PBXGroup;
			children = (
				0ED9E3CF2BD3E5FE0010D097 /* Repositories */,
				0ED9E3C42BD3DEC40010D097 /* DTO */,
				0ED9E3C32BD3DEB70010D097 /* Network */,
			);
			path = Data;
			sourceTree = "<group>";
		};
		0ED9E3C32BD3DEB70010D097 /* Network */ = {
			isa = PBXGroup;
			children = (
				0ED9E3C52BD3DEDA0010D097 /* Error */,
				0ED9E3CA2BD3E25F0010D097 /* Endpoint.swift */,
				0ED9E3D02BD3E6340010D097 /* NetworkService.swift */,
				0ED9E3D22BD3E65A0010D097 /* Networker.swift */,
				0ED9E3D42BD3E6760010D097 /* BaseURL.swift */,
				0ED9E3D62BD3E6A70010D097 /* NetworkService+helpers.swift */,
				0ED9E3D82BD3E6CB0010D097 /* NetworkError.swift */,
			);
			path = Network;
			sourceTree = "<group>";
		};
		0ED9E3C42BD3DEC40010D097 /* DTO */ = {
			isa = PBXGroup;
			children = (
				0ED9E3DA2BD3E7D10010D097 /* EmptyResponseDTO.swift */,
			);
			path = DTO;
			sourceTree = "<group>";
		};
		0ED9E3C52BD3DEDA0010D097 /* Error */ = {
			isa = PBXGroup;
			children = (
				0ED9E3C62BD3DEF80010D097 /* GenericNetworkError.swift */,
				0ED9E3C82BD3DF130010D097 /* GenericNetworkErrorResponseDTO.swift */,
			);
			path = Error;
			sourceTree = "<group>";
		};
		0ED9E3CC2BD3E5650010D097 /* Domain */ = {
			isa = PBXGroup;
			children = (
				0ED9E3CE2BD3E5EA0010D097 /* Repositories */,
				0ED9E3CD2BD3E56D0010D097 /* interactors */,
			);
			path = Domain;
			sourceTree = "<group>";
		};
		0ED9E3CD2BD3E56D0010D097 /* interactors */ = {
			isa = PBXGroup;
			children = (
			);
			path = interactors;
			sourceTree = "<group>";
		};
		0ED9E3CE2BD3E5EA0010D097 /* Repositories */ = {
			isa = PBXGroup;
			children = (
			);
			path = Repositories;
			sourceTree = "<group>";
		};
		0ED9E3CF2BD3E5FE0010D097 /* Repositories */ = {
			isa = PBXGroup;
			children = (
			);
			path = Repositories;
			sourceTree = "<group>";
		};
		0ED9E3DC2BD3E94C0010D097 /* Views */ = {
			isa = PBXGroup;
			children = (
				0ED9E3DF2BD3E99E0010D097 /* LeagueList */,
				0ED9E3E02BD3E9B60010D097 /* Teams */,
			);
			path = Views;
			sourceTree = "<group>";
		};
		0ED9E3DD2BD3E9560010D097 /* ViewModels */ = {
			isa = PBXGroup;
			children = (
			);
			path = ViewModels;
			sourceTree = "<group>";
		};
		0ED9E3DE2BD3E9640010D097 /* Subviews */ = {
			isa = PBXGroup;
			children = (
			);
			path = Subviews;
			sourceTree = "<group>";
		};
		0ED9E3DF2BD3E99E0010D097 /* LeagueList */ = {
			isa = PBXGroup;
			children = (
				0ED9E3882BD3D6F00010D097 /* ContentView.swift */,
			);
			path = LeagueList;
			sourceTree = "<group>";
		};
		0ED9E3E02BD3E9B60010D097 /* Teams */ = {
			isa = PBXGroup;
			children = (
			);
			path = Teams;
			sourceTree = "<group>";
		};
/* End PBXGroup section */

/* Begin PBXNativeTarget section */
		0ED9E3822BD3D6F00010D097 /* FDJTechnicalTest1 */ = {
			isa = PBXNativeTarget;
			buildConfigurationList = 0ED9E3A72BD3D6F30010D097 /* Build configuration list for PBXNativeTarget "FDJTechnicalTest1" */;
			buildPhases = (
				0ED9E37F2BD3D6F00010D097 /* Sources */,
				0ED9E3802BD3D6F00010D097 /* Frameworks */,
				0ED9E3812BD3D6F00010D097 /* Resources */,
			);
			buildRules = (
			);
			dependencies = (
			);
			name = FDJTechnicalTest1;
			productName = FDJTechnicalTest1;
			productReference = 0ED9E3832BD3D6F00010D097 /* FDJTechnicalTest1.app */;
			productType = "com.apple.product-type.application";
		};
		0ED9E3922BD3D6F30010D097 /* FDJTechnicalTest1Tests */ = {
			isa = PBXNativeTarget;
			buildConfigurationList = 0ED9E3AA2BD3D6F30010D097 /* Build configuration list for PBXNativeTarget "FDJTechnicalTest1Tests" */;
			buildPhases = (
				0ED9E38F2BD3D6F30010D097 /* Sources */,
				0ED9E3902BD3D6F30010D097 /* Frameworks */,
				0ED9E3912BD3D6F30010D097 /* Resources */,
			);
			buildRules = (
			);
			dependencies = (
				0ED9E3952BD3D6F30010D097 /* PBXTargetDependency */,
			);
			name = FDJTechnicalTest1Tests;
			productName = FDJTechnicalTest1Tests;
			productReference = 0ED9E3932BD3D6F30010D097 /* FDJTechnicalTest1Tests.xctest */;
			productType = "com.apple.product-type.bundle.unit-test";
		};
		0ED9E39C2BD3D6F30010D097 /* FDJTechnicalTest1UITests */ = {
			isa = PBXNativeTarget;
			buildConfigurationList = 0ED9E3AD2BD3D6F30010D097 /* Build configuration list for PBXNativeTarget "FDJTechnicalTest1UITests" */;
			buildPhases = (
				0ED9E3992BD3D6F30010D097 /* Sources */,
				0ED9E39A2BD3D6F30010D097 /* Frameworks */,
				0ED9E39B2BD3D6F30010D097 /* Resources */,
			);
			buildRules = (
			);
			dependencies = (
				0ED9E39F2BD3D6F30010D097 /* PBXTargetDependency */,
			);
			name = FDJTechnicalTest1UITests;
			productName = FDJTechnicalTest1UITests;
			productReference = 0ED9E39D2BD3D6F30010D097 /* FDJTechnicalTest1UITests.xctest */;
			productType = "com.apple.product-type.bundle.ui-testing";
		};
/* End PBXNativeTarget section */

/* Begin PBXProject section */
		0ED9E37B2BD3D6F00010D097 /* Project object */ = {
			isa = PBXProject;
			attributes = {
				BuildIndependentTargetsInParallel = 1;
				LastSwiftUpdateCheck = 1340;
				LastUpgradeCheck = 1340;
				TargetAttributes = {
					0ED9E3822BD3D6F00010D097 = {
						CreatedOnToolsVersion = 13.4.1;
					};
					0ED9E3922BD3D6F30010D097 = {
						CreatedOnToolsVersion = 13.4.1;
						TestTargetID = 0ED9E3822BD3D6F00010D097;
					};
					0ED9E39C2BD3D6F30010D097 = {
						CreatedOnToolsVersion = 13.4.1;
						TestTargetID = 0ED9E3822BD3D6F00010D097;
					};
				};
			};
			buildConfigurationList = 0ED9E37E2BD3D6F00010D097 /* Build configuration list for PBXProject "FDJTechnicalTest1" */;
			compatibilityVersion = "Xcode 13.0";
			developmentRegion = en;
			hasScannedForEncodings = 0;
			knownRegions = (
				en,
				Base,
			);
			mainGroup = 0ED9E37A2BD3D6F00010D097;
			productRefGroup = 0ED9E3842BD3D6F00010D097 /* Products */;
			projectDirPath = "";
			projectRoot = "";
			targets = (
				0ED9E3822BD3D6F00010D097 /* FDJTechnicalTest1 */,
				0ED9E3922BD3D6F30010D097 /* FDJTechnicalTest1Tests */,
				0ED9E39C2BD3D6F30010D097 /* FDJTechnicalTest1UITests */,
			);
		};
/* End PBXProject section */

/* Begin PBXResourcesBuildPhase section */
		0ED9E3812BD3D6F00010D097 /* Resources */ = {
			isa = PBXResourcesBuildPhase;
			buildActionMask = 2147483647;
			files = (
				0ED9E38E2BD3D6F30010D097 /* Preview Assets.xcassets in Resources */,
				0ED9E38B2BD3D6F30010D097 /* Assets.xcassets in Resources */,
			);
			runOnlyForDeploymentPostprocessing = 0;
		};
		0ED9E3912BD3D6F30010D097 /* Resources */ = {
			isa = PBXResourcesBuildPhase;
			buildActionMask = 2147483647;
			files = (
			);
			runOnlyForDeploymentPostprocessing = 0;
		};
		0ED9E39B2BD3D6F30010D097 /* Resources */ = {
			isa = PBXResourcesBuildPhase;
			buildActionMask = 2147483647;
			files = (
			);
			runOnlyForDeploymentPostprocessing = 0;
		};
/* End PBXResourcesBuildPhase section */

/* Begin PBXSourcesBuildPhase section */
		0ED9E37F2BD3D6F00010D097 /* Sources */ = {
			isa = PBXSourcesBuildPhase;
			buildActionMask = 2147483647;
			files = (
				0ED9E3CB2BD3E25F0010D097 /* Endpoint.swift in Sources */,
				0ED9E3C92BD3DF130010D097 /* GenericNetworkErrorResponseDTO.swift in Sources */,
				0ED9E3D52BD3E6760010D097 /* BaseURL.swift in Sources */,
				0ED9E3D12BD3E6340010D097 /* NetworkService.swift in Sources */,
				0ED9E3892BD3D6F00010D097 /* ContentView.swift in Sources */,
				0ED9E3872BD3D6F00010D097 /* FDJTechnicalTest1App.swift in Sources */,
				0ED9E3D72BD3E6A70010D097 /* NetworkService+helpers.swift in Sources */,
				0ED9E3D32BD3E65A0010D097 /* Networker.swift in Sources */,
				0ED9E3C02BD3DDEB0010D097 /* AnyOptional.swift in Sources */,
				0ED9E3D92BD3E6CB0010D097 /* NetworkError.swift in Sources */,
				0ED9E3DB2BD3E7D20010D097 /* EmptyResponseDTO.swift in Sources */,
				0ED9E3BA2BD3DCCF0010D097 /* Constants.swift in Sources */,
				0ED9E3C72BD3DEF80010D097 /* GenericNetworkError.swift in Sources */,
			);
			runOnlyForDeploymentPostprocessing = 0;
		};
		0ED9E38F2BD3D6F30010D097 /* Sources */ = {
			isa = PBXSourcesBuildPhase;
			buildActionMask = 2147483647;
			files = (
				0ED9E3982BD3D6F30010D097 /* FDJTechnicalTest1Tests.swift in Sources */,
			);
			runOnlyForDeploymentPostprocessing = 0;
		};
		0ED9E3992BD3D6F30010D097 /* Sources */ = {
			isa = PBXSourcesBuildPhase;
			buildActionMask = 2147483647;
			files = (
				0ED9E3A22BD3D6F30010D097 /* FDJTechnicalTest1UITests.swift in Sources */,
				0ED9E3A42BD3D6F30010D097 /* FDJTechnicalTest1UITestsLaunchTests.swift in Sources */,
			);
			runOnlyForDeploymentPostprocessing = 0;
		};
/* End PBXSourcesBuildPhase section */

/* Begin PBXTargetDependency section */
		0ED9E3952BD3D6F30010D097 /* PBXTargetDependency */ = {
			isa = PBXTargetDependency;
			target = 0ED9E3822BD3D6F00010D097 /* FDJTechnicalTest1 */;
			targetProxy = 0ED9E3942BD3D6F30010D097 /* PBXContainerItemProxy */;
		};
		0ED9E39F2BD3D6F30010D097 /* PBXTargetDependency */ = {
			isa = PBXTargetDependency;
			target = 0ED9E3822BD3D6F00010D097 /* FDJTechnicalTest1 */;
			targetProxy = 0ED9E39E2BD3D6F30010D097 /* PBXContainerItemProxy */;
		};
/* End PBXTargetDependency section */

/* Begin XCBuildConfiguration section */
		0ED9E3A52BD3D6F30010D097 /* Debug */ = {
			isa = XCBuildConfiguration;
			buildSettings = {
				ALWAYS_SEARCH_USER_PATHS = NO;
				CLANG_ANALYZER_NONNULL = YES;
				CLANG_ANALYZER_NUMBER_OBJECT_CONVERSION = YES_AGGRESSIVE;
				CLANG_CXX_LANGUAGE_STANDARD = "gnu++17";
				CLANG_ENABLE_MODULES = YES;
				CLANG_ENABLE_OBJC_ARC = YES;
				CLANG_ENABLE_OBJC_WEAK = YES;
				CLANG_WARN_BLOCK_CAPTURE_AUTORELEASING = YES;
				CLANG_WARN_BOOL_CONVERSION = YES;
				CLANG_WARN_COMMA = YES;
				CLANG_WARN_CONSTANT_CONVERSION = YES;
				CLANG_WARN_DEPRECATED_OBJC_IMPLEMENTATIONS = YES;
				CLANG_WARN_DIRECT_OBJC_ISA_USAGE = YES_ERROR;
				CLANG_WARN_DOCUMENTATION_COMMENTS = YES;
				CLANG_WARN_EMPTY_BODY = YES;
				CLANG_WARN_ENUM_CONVERSION = YES;
				CLANG_WARN_INFINITE_RECURSION = YES;
				CLANG_WARN_INT_CONVERSION = YES;
				CLANG_WARN_NON_LITERAL_NULL_CONVERSION = YES;
				CLANG_WARN_OBJC_IMPLICIT_RETAIN_SELF = YES;
				CLANG_WARN_OBJC_LITERAL_CONVERSION = YES;
				CLANG_WARN_OBJC_ROOT_CLASS = YES_ERROR;
				CLANG_WARN_QUOTED_INCLUDE_IN_FRAMEWORK_HEADER = YES;
				CLANG_WARN_RANGE_LOOP_ANALYSIS = YES;
				CLANG_WARN_STRICT_PROTOTYPES = YES;
				CLANG_WARN_SUSPICIOUS_MOVE = YES;
				CLANG_WARN_UNGUARDED_AVAILABILITY = YES_AGGRESSIVE;
				CLANG_WARN_UNREACHABLE_CODE = YES;
				CLANG_WARN__DUPLICATE_METHOD_MATCH = YES;
				COPY_PHASE_STRIP = NO;
				DEBUG_INFORMATION_FORMAT = dwarf;
				ENABLE_STRICT_OBJC_MSGSEND = YES;
				ENABLE_TESTABILITY = YES;
				GCC_C_LANGUAGE_STANDARD = gnu11;
				GCC_DYNAMIC_NO_PIC = NO;
				GCC_NO_COMMON_BLOCKS = YES;
				GCC_OPTIMIZATION_LEVEL = 0;
				GCC_PREPROCESSOR_DEFINITIONS = (
					"DEBUG=1",
					"$(inherited)",
				);
				GCC_WARN_64_TO_32_BIT_CONVERSION = YES;
				GCC_WARN_ABOUT_RETURN_TYPE = YES_ERROR;
				GCC_WARN_UNDECLARED_SELECTOR = YES;
				GCC_WARN_UNINITIALIZED_AUTOS = YES_AGGRESSIVE;
				GCC_WARN_UNUSED_FUNCTION = YES;
				GCC_WARN_UNUSED_VARIABLE = YES;
				IPHONEOS_DEPLOYMENT_TARGET = 15.5;
				MTL_ENABLE_DEBUG_INFO = INCLUDE_SOURCE;
				MTL_FAST_MATH = YES;
				ONLY_ACTIVE_ARCH = YES;
				SDKROOT = iphoneos;
				SWIFT_ACTIVE_COMPILATION_CONDITIONS = DEBUG;
				SWIFT_OPTIMIZATION_LEVEL = "-Onone";
			};
			name = Debug;
		};
		0ED9E3A62BD3D6F30010D097 /* Release */ = {
			isa = XCBuildConfiguration;
			buildSettings = {
				ALWAYS_SEARCH_USER_PATHS = NO;
				CLANG_ANALYZER_NONNULL = YES;
				CLANG_ANALYZER_NUMBER_OBJECT_CONVERSION = YES_AGGRESSIVE;
				CLANG_CXX_LANGUAGE_STANDARD = "gnu++17";
				CLANG_ENABLE_MODULES = YES;
				CLANG_ENABLE_OBJC_ARC = YES;
				CLANG_ENABLE_OBJC_WEAK = YES;
				CLANG_WARN_BLOCK_CAPTURE_AUTORELEASING = YES;
				CLANG_WARN_BOOL_CONVERSION = YES;
				CLANG_WARN_COMMA = YES;
				CLANG_WARN_CONSTANT_CONVERSION = YES;
				CLANG_WARN_DEPRECATED_OBJC_IMPLEMENTATIONS = YES;
				CLANG_WARN_DIRECT_OBJC_ISA_USAGE = YES_ERROR;
				CLANG_WARN_DOCUMENTATION_COMMENTS = YES;
				CLANG_WARN_EMPTY_BODY = YES;
				CLANG_WARN_ENUM_CONVERSION = YES;
				CLANG_WARN_INFINITE_RECURSION = YES;
				CLANG_WARN_INT_CONVERSION = YES;
				CLANG_WARN_NON_LITERAL_NULL_CONVERSION = YES;
				CLANG_WARN_OBJC_IMPLICIT_RETAIN_SELF = YES;
				CLANG_WARN_OBJC_LITERAL_CONVERSION = YES;
				CLANG_WARN_OBJC_ROOT_CLASS = YES_ERROR;
				CLANG_WARN_QUOTED_INCLUDE_IN_FRAMEWORK_HEADER = YES;
				CLANG_WARN_RANGE_LOOP_ANALYSIS = YES;
				CLANG_WARN_STRICT_PROTOTYPES = YES;
				CLANG_WARN_SUSPICIOUS_MOVE = YES;
				CLANG_WARN_UNGUARDED_AVAILABILITY = YES_AGGRESSIVE;
				CLANG_WARN_UNREACHABLE_CODE = YES;
				CLANG_WARN__DUPLICATE_METHOD_MATCH = YES;
				COPY_PHASE_STRIP = NO;
				DEBUG_INFORMATION_FORMAT = "dwarf-with-dsym";
				ENABLE_NS_ASSERTIONS = NO;
				ENABLE_STRICT_OBJC_MSGSEND = YES;
				GCC_C_LANGUAGE_STANDARD = gnu11;
				GCC_NO_COMMON_BLOCKS = YES;
				GCC_WARN_64_TO_32_BIT_CONVERSION = YES;
				GCC_WARN_ABOUT_RETURN_TYPE = YES_ERROR;
				GCC_WARN_UNDECLARED_SELECTOR = YES;
				GCC_WARN_UNINITIALIZED_AUTOS = YES_AGGRESSIVE;
				GCC_WARN_UNUSED_FUNCTION = YES;
				GCC_WARN_UNUSED_VARIABLE = YES;
				IPHONEOS_DEPLOYMENT_TARGET = 15.5;
				MTL_ENABLE_DEBUG_INFO = NO;
				MTL_FAST_MATH = YES;
				SDKROOT = iphoneos;
				SWIFT_COMPILATION_MODE = wholemodule;
				SWIFT_OPTIMIZATION_LEVEL = "-O";
				VALIDATE_PRODUCT = YES;
			};
			name = Release;
		};
		0ED9E3A82BD3D6F30010D097 /* Debug */ = {
			isa = XCBuildConfiguration;
			buildSettings = {
				ASSETCATALOG_COMPILER_APPICON_NAME = AppIcon;
				ASSETCATALOG_COMPILER_GLOBAL_ACCENT_COLOR_NAME = AccentColor;
				CODE_SIGN_STYLE = Automatic;
				CURRENT_PROJECT_VERSION = 1;
				DEVELOPMENT_ASSET_PATHS = "\"FDJTechnicalTest1/Preview Content\"";
				DEVELOPMENT_TEAM = G6U7P3867U;
				ENABLE_PREVIEWS = YES;
				GENERATE_INFOPLIST_FILE = YES;
				INFOPLIST_KEY_UIApplicationSceneManifest_Generation = YES;
				INFOPLIST_KEY_UIApplicationSupportsIndirectInputEvents = YES;
				INFOPLIST_KEY_UILaunchScreen_Generation = YES;
				INFOPLIST_KEY_UISupportedInterfaceOrientations_iPad = "UIInterfaceOrientationPortrait UIInterfaceOrientationPortraitUpsideDown UIInterfaceOrientationLandscapeLeft UIInterfaceOrientationLandscapeRight";
				INFOPLIST_KEY_UISupportedInterfaceOrientations_iPhone = "UIInterfaceOrientationPortrait UIInterfaceOrientationLandscapeLeft UIInterfaceOrientationLandscapeRight";
				LD_RUNPATH_SEARCH_PATHS = (
					"$(inherited)",
					"@executable_path/Frameworks",
				);
				MARKETING_VERSION = 1.0;
				PRODUCT_BUNDLE_IDENTIFIER = jaberi.FDJTechnicalTest1;
				PRODUCT_NAME = "$(TARGET_NAME)";
				SWIFT_EMIT_LOC_STRINGS = YES;
				SWIFT_VERSION = 5.0;
				TARGETED_DEVICE_FAMILY = "1,2";
			};
			name = Debug;
		};
		0ED9E3A92BD3D6F30010D097 /* Release */ = {
			isa = XCBuildConfiguration;
			buildSettings = {
				ASSETCATALOG_COMPILER_APPICON_NAME = AppIcon;
				ASSETCATALOG_COMPILER_GLOBAL_ACCENT_COLOR_NAME = AccentColor;
				CODE_SIGN_STYLE = Automatic;
				CURRENT_PROJECT_VERSION = 1;
				DEVELOPMENT_ASSET_PATHS = "\"FDJTechnicalTest1/Preview Content\"";
				DEVELOPMENT_TEAM = G6U7P3867U;
				ENABLE_PREVIEWS = YES;
				GENERATE_INFOPLIST_FILE = YES;
				INFOPLIST_KEY_UIApplicationSceneManifest_Generation = YES;
				INFOPLIST_KEY_UIApplicationSupportsIndirectInputEvents = YES;
				INFOPLIST_KEY_UILaunchScreen_Generation = YES;
				INFOPLIST_KEY_UISupportedInterfaceOrientations_iPad = "UIInterfaceOrientationPortrait UIInterfaceOrientationPortraitUpsideDown UIInterfaceOrientationLandscapeLeft UIInterfaceOrientationLandscapeRight";
				INFOPLIST_KEY_UISupportedInterfaceOrientations_iPhone = "UIInterfaceOrientationPortrait UIInterfaceOrientationLandscapeLeft UIInterfaceOrientationLandscapeRight";
				LD_RUNPATH_SEARCH_PATHS = (
					"$(inherited)",
					"@executable_path/Frameworks",
				);
				MARKETING_VERSION = 1.0;
				PRODUCT_BUNDLE_IDENTIFIER = jaberi.FDJTechnicalTest1;
				PRODUCT_NAME = "$(TARGET_NAME)";
				SWIFT_EMIT_LOC_STRINGS = YES;
				SWIFT_VERSION = 5.0;
				TARGETED_DEVICE_FAMILY = "1,2";
			};
			name = Release;
		};
		0ED9E3AB2BD3D6F30010D097 /* Debug */ = {
			isa = XCBuildConfiguration;
			buildSettings = {
				ALWAYS_EMBED_SWIFT_STANDARD_LIBRARIES = YES;
				BUNDLE_LOADER = "$(TEST_HOST)";
				CODE_SIGN_STYLE = Automatic;
				CURRENT_PROJECT_VERSION = 1;
				DEVELOPMENT_TEAM = G6U7P3867U;
				GENERATE_INFOPLIST_FILE = YES;
				IPHONEOS_DEPLOYMENT_TARGET = 15.5;
				MARKETING_VERSION = 1.0;
				PRODUCT_BUNDLE_IDENTIFIER = jaberi.FDJTechnicalTest1Tests;
				PRODUCT_NAME = "$(TARGET_NAME)";
				SWIFT_EMIT_LOC_STRINGS = NO;
				SWIFT_VERSION = 5.0;
				TARGETED_DEVICE_FAMILY = "1,2";
				TEST_HOST = "$(BUILT_PRODUCTS_DIR)/FDJTechnicalTest1.app/FDJTechnicalTest1";
			};
			name = Debug;
		};
		0ED9E3AC2BD3D6F30010D097 /* Release */ = {
			isa = XCBuildConfiguration;
			buildSettings = {
				ALWAYS_EMBED_SWIFT_STANDARD_LIBRARIES = YES;
				BUNDLE_LOADER = "$(TEST_HOST)";
				CODE_SIGN_STYLE = Automatic;
				CURRENT_PROJECT_VERSION = 1;
				DEVELOPMENT_TEAM = G6U7P3867U;
				GENERATE_INFOPLIST_FILE = YES;
				IPHONEOS_DEPLOYMENT_TARGET = 15.5;
				MARKETING_VERSION = 1.0;
				PRODUCT_BUNDLE_IDENTIFIER = jaberi.FDJTechnicalTest1Tests;
				PRODUCT_NAME = "$(TARGET_NAME)";
				SWIFT_EMIT_LOC_STRINGS = NO;
				SWIFT_VERSION = 5.0;
				TARGETED_DEVICE_FAMILY = "1,2";
				TEST_HOST = "$(BUILT_PRODUCTS_DIR)/FDJTechnicalTest1.app/FDJTechnicalTest1";
			};
			name = Release;
		};
		0ED9E3AE2BD3D6F30010D097 /* Debug */ = {
			isa = XCBuildConfiguration;
			buildSettings = {
				ALWAYS_EMBED_SWIFT_STANDARD_LIBRARIES = YES;
				CODE_SIGN_STYLE = Automatic;
				CURRENT_PROJECT_VERSION = 1;
				DEVELOPMENT_TEAM = G6U7P3867U;
				GENERATE_INFOPLIST_FILE = YES;
				MARKETING_VERSION = 1.0;
				PRODUCT_BUNDLE_IDENTIFIER = jaberi.FDJTechnicalTest1UITests;
				PRODUCT_NAME = "$(TARGET_NAME)";
				SWIFT_EMIT_LOC_STRINGS = NO;
				SWIFT_VERSION = 5.0;
				TARGETED_DEVICE_FAMILY = "1,2";
				TEST_TARGET_NAME = FDJTechnicalTest1;
			};
			name = Debug;
		};
		0ED9E3AF2BD3D6F30010D097 /* Release */ = {
			isa = XCBuildConfiguration;
			buildSettings = {
				ALWAYS_EMBED_SWIFT_STANDARD_LIBRARIES = YES;
				CODE_SIGN_STYLE = Automatic;
				CURRENT_PROJECT_VERSION = 1;
				DEVELOPMENT_TEAM = G6U7P3867U;
				GENERATE_INFOPLIST_FILE = YES;
				MARKETING_VERSION = 1.0;
				PRODUCT_BUNDLE_IDENTIFIER = jaberi.FDJTechnicalTest1UITests;
				PRODUCT_NAME = "$(TARGET_NAME)";
				SWIFT_EMIT_LOC_STRINGS = NO;
				SWIFT_VERSION = 5.0;
				TARGETED_DEVICE_FAMILY = "1,2";
				TEST_TARGET_NAME = FDJTechnicalTest1;
			};
			name = Release;
		};
/* End XCBuildConfiguration section */

/* Begin XCConfigurationList section */
		0ED9E37E2BD3D6F00010D097 /* Build configuration list for PBXProject "FDJTechnicalTest1" */ = {
			isa = XCConfigurationList;
			buildConfigurations = (
				0ED9E3A52BD3D6F30010D097 /* Debug */,
				0ED9E3A62BD3D6F30010D097 /* Release */,
			);
			defaultConfigurationIsVisible = 0;
			defaultConfigurationName = Release;
		};
		0ED9E3A72BD3D6F30010D097 /* Build configuration list for PBXNativeTarget "FDJTechnicalTest1" */ = {
			isa = XCConfigurationList;
			buildConfigurations = (
				0ED9E3A82BD3D6F30010D097 /* Debug */,
				0ED9E3A92BD3D6F30010D097 /* Release */,
			);
			defaultConfigurationIsVisible = 0;
			defaultConfigurationName = Release;
		};
		0ED9E3AA2BD3D6F30010D097 /* Build configuration list for PBXNativeTarget "FDJTechnicalTest1Tests" */ = {
			isa = XCConfigurationList;
			buildConfigurations = (
				0ED9E3AB2BD3D6F30010D097 /* Debug */,
				0ED9E3AC2BD3D6F30010D097 /* Release */,
			);
			defaultConfigurationIsVisible = 0;
			defaultConfigurationName = Release;
		};
		0ED9E3AD2BD3D6F30010D097 /* Build configuration list for PBXNativeTarget "FDJTechnicalTest1UITests" */ = {
			isa = XCConfigurationList;
			buildConfigurations = (
				0ED9E3AE2BD3D6F30010D097 /* Debug */,
				0ED9E3AF2BD3D6F30010D097 /* Release */,
			);
			defaultConfigurationIsVisible = 0;
			defaultConfigurationName = Release;
		};
/* End XCConfigurationList section */
	};
	rootObject = 0ED9E37B2BD3D6F00010D097 /* Project object */;
}
